
Microsoft Visual Studio Solution File, Format Version 12.00
# Visual Studio 2012
Project("{FAE04EC0-301F-11D3-BF4B-00C04F79EFBC}") = "MvcMovie", "MvcMovie\MvcMovie.csproj", "{943B3B4B-509B-4001-8F2F-71931696E71D}"
EndProject
Global
	GlobalSection(SolutionConfigurationPlatforms) = preSolution
		Debug|Any CPU = Debug|Any CPU
		Release|Any CPU = Release|Any CPU
	EndGlobalSection
	GlobalSection(ProjectConfigurationPlatforms) = postSolution
		{943B3B4B-509B-4001-8F2F-71931696E71D}.Debug|Any CPU.ActiveCfg = Debug|Any CPU
		{943B3B4B-509B-4001-8F2F-71931696E71D}.Debug|Any CPU.Build.0 = Debug|Any CPU
		{943B3B4B-509B-4001-8F2F-71931696E71D}.Release|Any CPU.ActiveCfg = Release|Any CPU
		{943B3B4B-509B-4001-8F2F-71931696E71D}.Release|Any CPU.Build.0 = Release|Any CPU
	EndGlobalSection
	GlobalSection(SolutionProperties) = preSolution
		HideSolutionNode = FALSE
	EndGlobalSection
EndGlobal
